
Microsoft Visual Studio Solution File, Format Version 12.00
# Visual Studio Version 16
VisualStudioVersion = 16.0.31321.278
MinimumVisualStudioVersion = 10.0.40219.1
Project("{9A19103F-16F7-4668-BE54-9A1E7A4F7556}") = "PLCalculatorDemo", "PLCalculatorDemo\PLCalculatorDemo.csproj", "{76743233-5AF0-44AE-96EA-0220E930CBB7}"
EndProject
Project("{2150E333-8FDC-42A3-9474-1A3956D46DE8}") = "Src", "Src", "{49031B2B-3439-419A-BE0A-0FD094A7C757}"
EndProject
Project("{2150E333-8FDC-42A3-9474-1A3956D46DE8}") = "Tests", "Tests", "{68708F82-2742-4F25-A8A4-30E4D74570A5}"
EndProject
Project("{2150E333-8FDC-42A3-9474-1A3956D46DE8}") = "1 - Presentation", "1 - Presentation", "{B349C443-E53C-4C2B-9A20-3ABE7457D890}"
EndProject
Project("{2150E333-8FDC-42A3-9474-1A3956D46DE8}") = "2 - Core", "2 - Core", "{ED85D371-9836-4650-864A-577023D8F944}"
EndProject
Project("{2150E333-8FDC-42A3-9474-1A3956D46DE8}") = "3 - Infrastructure", "3 - Infrastructure", "{C91F60A8-CD86-43AC-9549-7B42C1791E15}"
EndProject
Project("{9A19103F-16F7-4668-BE54-9A1E7A4F7556}") = "Application", "Application\Application.csproj", "{FF30F9C7-AD35-49A8-ABC2-F19426789DE0}"
EndProject
Project("{9A19103F-16F7-4668-BE54-9A1E7A4F7556}") = "Domain", "Domain\Domain.csproj", "{DEFBAB96-D5F8-4D70-852D-FB25286CFCBF}"
EndProject
Project("{9A19103F-16F7-4668-BE54-9A1E7A4F7556}") = "Persistence", "Persistence\Persistence.csproj", "{9E9CBB19-4866-44B8-989A-97EC7663FB95}"
EndProject
Project("{FAE04EC0-301F-11D3-BF4B-00C04F79EFBC}") = "Application.UnitTests", "Application.UnitTests\Application.UnitTests.csproj", "{F0FE2BDC-0C1D-4192-96A0-67FD033B5C4F}"
EndProject
Global
	GlobalSection(SolutionConfigurationPlatforms) = preSolution
		Debug|Any CPU = Debug|Any CPU
		Release|Any CPU = Release|Any CPU
	EndGlobalSection
	GlobalSection(ProjectConfigurationPlatforms) = postSolution
		{76743233-5AF0-44AE-96EA-0220E930CBB7}.Debug|Any CPU.ActiveCfg = Debug|Any CPU
		{76743233-5AF0-44AE-96EA-0220E930CBB7}.Debug|Any CPU.Build.0 = Debug|Any CPU
		{76743233-5AF0-44AE-96EA-0220E930CBB7}.Release|Any CPU.ActiveCfg = Release|Any CPU
		{76743233-5AF0-44AE-96EA-0220E930CBB7}.Release|Any CPU.Build.0 = Release|Any CPU
		{FF30F9C7-AD35-49A8-ABC2-F19426789DE0}.Debug|Any CPU.ActiveCfg = Debug|Any CPU
		{FF30F9C7-AD35-49A8-ABC2-F19426789DE0}.Debug|Any CPU.Build.0 = Debug|Any CPU
		{FF30F9C7-AD35-49A8-ABC2-F19426789DE0}.Release|Any CPU.ActiveCfg = Release|Any CPU
		{FF30F9C7-AD35-49A8-ABC2-F19426789DE0}.Release|Any CPU.Build.0 = Release|Any CPU
		{DEFBAB96-D5F8-4D70-852D-FB25286CFCBF}.Debug|Any CPU.ActiveCfg = Debug|Any CPU
		{DEFBAB96-D5F8-4D70-852D-FB25286CFCBF}.Debug|Any CPU.Build.0 = Debug|Any CPU
		{DEFBAB96-D5F8-4D70-852D-FB25286CFCBF}.Release|Any CPU.ActiveCfg = Release|Any CPU
		{DEFBAB96-D5F8-4D70-852D-FB25286CFCBF}.Release|Any CPU.Build.0 = Release|Any CPU
		{9E9CBB19-4866-44B8-989A-97EC7663FB95}.Debug|Any CPU.ActiveCfg = Debug|Any CPU
		{9E9CBB19-4866-44B8-989A-97EC7663FB95}.Debug|Any CPU.Build.0 = Debug|Any CPU
		{9E9CBB19-4866-44B8-989A-97EC7663FB95}.Release|Any CPU.ActiveCfg = Release|Any CPU
		{9E9CBB19-4866-44B8-989A-97EC7663FB95}.Release|Any CPU.Build.0 = Release|Any CPU
		{F0FE2BDC-0C1D-4192-96A0-67FD033B5C4F}.Debug|Any CPU.ActiveCfg = Debug|Any CPU
		{F0FE2BDC-0C1D-4192-96A0-67FD033B5C4F}.Debug|Any CPU.Build.0 = Debug|Any CPU
		{F0FE2BDC-0C1D-4192-96A0-67FD033B5C4F}.Release|Any CPU.ActiveCfg = Release|Any CPU
		{F0FE2BDC-0C1D-4192-96A0-67FD033B5C4F}.Release|Any CPU.Build.0 = Release|Any CPU
	EndGlobalSection
	GlobalSection(SolutionProperties) = preSolution
		HideSolutionNode = FALSE
	EndGlobalSection
	GlobalSection(NestedProjects) = preSolution
		{76743233-5AF0-44AE-96EA-0220E930CBB7} = {B349C443-E53C-4C2B-9A20-3ABE7457D890}
		{B349C443-E53C-4C2B-9A20-3ABE7457D890} = {49031B2B-3439-419A-BE0A-0FD094A7C757}
		{ED85D371-9836-4650-864A-577023D8F944} = {49031B2B-3439-419A-BE0A-0FD094A7C757}
		{C91F60A8-CD86-43AC-9549-7B42C1791E15} = {49031B2B-3439-419A-BE0A-0FD094A7C757}
		{FF30F9C7-AD35-49A8-ABC2-F19426789DE0} = {ED85D371-9836-4650-864A-577023D8F944}
		{DEFBAB96-D5F8-4D70-852D-FB25286CFCBF} = {ED85D371-9836-4650-864A-577023D8F944}
		{9E9CBB19-4866-44B8-989A-97EC7663FB95} = {C91F60A8-CD86-43AC-9549-7B42C1791E15}
		{F0FE2BDC-0C1D-4192-96A0-67FD033B5C4F} = {68708F82-2742-4F25-A8A4-30E4D74570A5}
	EndGlobalSection
	GlobalSection(ExtensibilityGlobals) = postSolution
		SolutionGuid = {8FC4A732-4350-4880-8A02-B782E3CC8772}
	EndGlobalSection
EndGlobal
